
Microsoft Visual Studio Solution File, Format Version 12.00
# Visual Studio Version 17
VisualStudioVersion = 17.1.32210.238
MinimumVisualStudioVersion = 10.0.40219.1
Project("{FAE04EC0-301F-11D3-BF4B-00C04F79EFBC}") = "Personal Tracking", "Personal Tracking\Personal Tracking.csproj", "{7D1316E0-D509-43FB-AA91-D35C14E679A4}"
EndProject
Project("{FAE04EC0-301F-11D3-BF4B-00C04F79EFBC}") = "BLL", "BLL\BLL.csproj", "{10F4A691-2140-4288-8763-B04BF65511AF}"
EndProject
Project("{FAE04EC0-301F-11D3-BF4B-00C04F79EFBC}") = "DAL", "DAL\DAL.csproj", "{AE72F304-7061-48A2-B22B-2214D23036A9}"
EndProject
Global
	GlobalSection(SolutionConfigurationPlatforms) = preSolution
		Debug|Any CPU = Debug|Any CPU
		Release|Any CPU = Release|Any CPU
	EndGlobalSection
	GlobalSection(ProjectConfigurationPlatforms) = postSolution
		{7D1316E0-D509-43FB-AA91-D35C14E679A4}.Debug|Any CPU.ActiveCfg = Debug|Any CPU
		{7D1316E0-D509-43FB-AA91-D35C14E679A4}.Debug|Any CPU.Build.0 = Debug|Any CPU
		{7D1316E0-D509-43FB-AA91-D35C14E679A4}.Release|Any CPU.ActiveCfg = Release|Any CPU
		{7D1316E0-D509-43FB-AA91-D35C14E679A4}.Release|Any CPU.Build.0 = Release|Any CPU
		{10F4A691-2140-4288-8763-B04BF65511AF}.Debug|Any CPU.ActiveCfg = Debug|Any CPU
		{10F4A691-2140-4288-8763-B04BF65511AF}.Debug|Any CPU.Build.0 = Debug|Any CPU
		{10F4A691-2140-4288-8763-B04BF65511AF}.Release|Any CPU.ActiveCfg = Release|Any CPU
		{10F4A691-2140-4288-8763-B04BF65511AF}.Release|Any CPU.Build.0 = Release|Any CPU
		{AE72F304-7061-48A2-B22B-2214D23036A9}.Debug|Any CPU.ActiveCfg = Debug|Any CPU
		{AE72F304-7061-48A2-B22B-2214D23036A9}.Debug|Any CPU.Build.0 = Debug|Any CPU
		{AE72F304-7061-48A2-B22B-2214D23036A9}.Release|Any CPU.ActiveCfg = Release|Any CPU
		{AE72F304-7061-48A2-B22B-2214D23036A9}.Release|Any CPU.Build.0 = Release|Any CPU
	EndGlobalSection
	GlobalSection(SolutionProperties) = preSolution
		HideSolutionNode = FALSE
	EndGlobalSection
	GlobalSection(ExtensibilityGlobals) = postSolution
		SolutionGuid = {0D81E5CE-EEE3-4BD3-A620-78D73FFA81AF}
	EndGlobalSection
EndGlobal
